// !$*UTF8*$!
{
	archiveVersion = 1;
	classes = {
	};
	objectVersion = 55;
	objects = {

/* Begin PBXBuildFile section */
		FFB9E2C42876D5DE00C7C51D /* AppDelegate.swift in Sources */ = {isa = PBXBuildFile; fileRef = FFB9E2C32876D5DE00C7C51D /* AppDelegate.swift */; };
		FFB9E2C62876D5DE00C7C51D /* SceneDelegate.swift in Sources */ = {isa = PBXBuildFile; fileRef = FFB9E2C52876D5DE00C7C51D /* SceneDelegate.swift */; };
		FFB9E2C82876D5DE00C7C51D /* ViewController.swift in Sources */ = {isa = PBXBuildFile; fileRef = FFB9E2C72876D5DE00C7C51D /* ViewController.swift */; };
		FFB9E2CB2876D5DE00C7C51D /* Main.storyboard in Resources */ = {isa = PBXBuildFile; fileRef = FFB9E2C92876D5DE00C7C51D /* Main.storyboard */; };
		FFB9E2CD2876D5DF00C7C51D /* Assets.xcassets in Resources */ = {isa = PBXBuildFile; fileRef = FFB9E2CC2876D5DF00C7C51D /* Assets.xcassets */; };
		FFB9E2D02876D5DF00C7C51D /* LaunchScreen.storyboard in Resources */ = {isa = PBXBuildFile; fileRef = FFB9E2CE2876D5DF00C7C51D /* LaunchScreen.storyboard */; };
		FFB9E2DB2876D5DF00C7C51D /* TestModularArc2Tests.swift in Sources */ = {isa = PBXBuildFile; fileRef = FFB9E2DA2876D5DF00C7C51D /* TestModularArc2Tests.swift */; };
		FFB9E2E52876D5DF00C7C51D /* TestModularArc2UITests.swift in Sources */ = {isa = PBXBuildFile; fileRef = FFB9E2E42876D5DF00C7C51D /* TestModularArc2UITests.swift */; };
		FFB9E2E72876D5DF00C7C51D /* TestModularArc2UITestsLaunchTests.swift in Sources */ = {isa = PBXBuildFile; fileRef = FFB9E2E62876D5DF00C7C51D /* TestModularArc2UITestsLaunchTests.swift */; };
/* End PBXBuildFile section */

/* Begin PBXContainerItemProxy section */
		FFB9E2D72876D5DF00C7C51D /* PBXContainerItemProxy */ = {
			isa = PBXContainerItemProxy;
			containerPortal = FFB9E2B82876D5DE00C7C51D /* Project object */;
			proxyType = 1;
			remoteGlobalIDString = FFB9E2BF2876D5DE00C7C51D;
			remoteInfo = TestModularArc2;
		};
		FFB9E2E12876D5DF00C7C51D /* PBXContainerItemProxy */ = {
			isa = PBXContainerItemProxy;
			containerPortal = FFB9E2B82876D5DE00C7C51D /* Project object */;
			proxyType = 1;
			remoteGlobalIDString = FFB9E2BF2876D5DE00C7C51D;
			remoteInfo = TestModularArc2;
		};
		FFB9E31C2876D67D00C7C51D /* PBXContainerItemProxy */ = {
			isa = PBXContainerItemProxy;
			containerPortal = FFB9E3172876D67C00C7C51D /* MyFramework2.xcodeproj */;
			proxyType = 2;
			remoteGlobalIDString = FFB9E2FD2876D67C00C7C51D;
			remoteInfo = MyFramework2;
		};
		FFB9E31E2876D67D00C7C51D /* PBXContainerItemProxy */ = {
			isa = PBXContainerItemProxy;
			containerPortal = FFB9E3172876D67C00C7C51D /* MyFramework2.xcodeproj */;
			proxyType = 2;
			remoteGlobalIDString = FFB9E3072876D67C00C7C51D;
			remoteInfo = MyFramework2Tests;
		};
/* End PBXContainerItemProxy section */

/* Begin PBXFileReference section */
		FFB9E2C02876D5DE00C7C51D /* TestModularArc2.app */ = {isa = PBXFileReference; explicitFileType = wrapper.application; includeInIndex = 0; path = TestModularArc2.app; sourceTree = BUILT_PRODUCTS_DIR; };
		FFB9E2C32876D5DE00C7C51D /* AppDelegate.swift */ = {isa = PBXFileReference; lastKnownFileType = sourcecode.swift; path = AppDelegate.swift; sourceTree = "<group>"; };
		FFB9E2C52876D5DE00C7C51D /* SceneDelegate.swift */ = {isa = PBXFileReference; lastKnownFileType = sourcecode.swift; path = SceneDelegate.swift; sourceTree = "<group>"; };
		FFB9E2C72876D5DE00C7C51D /* ViewController.swift */ = {isa = PBXFileReference; lastKnownFileType = sourcecode.swift; path = ViewController.swift; sourceTree = "<group>"; };
		FFB9E2CA2876D5DE00C7C51D /* Base */ = {isa = PBXFileReference; lastKnownFileType = file.storyboard; name = Base; path = Base.lproj/Main.storyboard; sourceTree = "<group>"; };
		FFB9E2CC2876D5DF00C7C51D /* Assets.xcassets */ = {isa = PBXFileReference; lastKnownFileType = folder.assetcatalog; path = Assets.xcassets; sourceTree = "<group>"; };
		FFB9E2CF2876D5DF00C7C51D /* Base */ = {isa = PBXFileReference; lastKnownFileType = file.storyboard; name = Base; path = Base.lproj/LaunchScreen.storyboard; sourceTree = "<group>"; };
		FFB9E2D12876D5DF00C7C51D /* Info.plist */ = {isa = PBXFileReference; lastKnownFileType = text.plist.xml; path = Info.plist; sourceTree = "<group>"; };
		FFB9E2D62876D5DF00C7C51D /* TestModularArc2Tests.xctest */ = {isa = PBXFileReference; explicitFileType = wrapper.cfbundle; includeInIndex = 0; path = TestModularArc2Tests.xctest; sourceTree = BUILT_PRODUCTS_DIR; };
		FFB9E2DA2876D5DF00C7C51D /* TestModularArc2Tests.swift */ = {isa = PBXFileReference; lastKnownFileType = sourcecode.swift; path = TestModularArc2Tests.swift; sourceTree = "<group>"; };
		FFB9E2E02876D5DF00C7C51D /* TestModularArc2UITests.xctest */ = {isa = PBXFileReference; explicitFileType = wrapper.cfbundle; includeInIndex = 0; path = TestModularArc2UITests.xctest; sourceTree = BUILT_PRODUCTS_DIR; };
		FFB9E2E42876D5DF00C7C51D /* TestModularArc2UITests.swift */ = {isa = PBXFileReference; lastKnownFileType = sourcecode.swift; path = TestModularArc2UITests.swift; sourceTree = "<group>"; };
		FFB9E2E62876D5DF00C7C51D /* TestModularArc2UITestsLaunchTests.swift */ = {isa = PBXFileReference; lastKnownFileType = sourcecode.swift; path = TestModularArc2UITestsLaunchTests.swift; sourceTree = "<group>"; };
		FFB9E3172876D67C00C7C51D /* MyFramework2.xcodeproj */ = {isa = PBXFileReference; lastKnownFileType = "wrapper.pb-project"; name = MyFramework2.xcodeproj; path = MyFramework2/MyFramework2.xcodeproj; sourceTree = "<group>"; };
/* End PBXFileReference section */

/* Begin PBXFrameworksBuildPhase section */
		FFB9E2BD2876D5DE00C7C51D /* Frameworks */ = {
			isa = PBXFrameworksBuildPhase;
			buildActionMask = 2147483647;
			files = (
			);
			runOnlyForDeploymentPostprocessing = 0;
		};
		FFB9E2D32876D5DF00C7C51D /* Frameworks */ = {
			isa = PBXFrameworksBuildPhase;
			buildActionMask = 2147483647;
			files = (
			);
			runOnlyForDeploymentPostprocessing = 0;
		};
		FFB9E2DD2876D5DF00C7C51D /* Frameworks */ = {
			isa = PBXFrameworksBuildPhase;
			buildActionMask = 2147483647;
			files = (
			);
			runOnlyForDeploymentPostprocessing = 0;
		};
/* End PBXFrameworksBuildPhase section */

/* Begin PBXGroup section */
		FFB9E2B72876D5DE00C7C51D = {
			isa = PBXGroup;
			children = (
				FFB9E3172876D67C00C7C51D /* MyFramework2.xcodeproj */,
				FFB9E2C22876D5DE00C7C51D /* TestModularArc2 */,
				FFB9E2D92876D5DF00C7C51D /* TestModularArc2Tests */,
				FFB9E2E32876D5DF00C7C51D /* TestModularArc2UITests */,
				FFB9E2C12876D5DE00C7C51D /* Products */,
			);
			sourceTree = "<group>";
		};
		FFB9E2C12876D5DE00C7C51D /* Products */ = {
			isa = PBXGroup;
			children = (
				FFB9E2C02876D5DE00C7C51D /* TestModularArc2.app */,
				FFB9E2D62876D5DF00C7C51D /* TestModularArc2Tests.xctest */,
				FFB9E2E02876D5DF00C7C51D /* TestModularArc2UITests.xctest */,
			);
			name = Products;
			sourceTree = "<group>";
		};
		FFB9E2C22876D5DE00C7C51D /* TestModularArc2 */ = {
			isa = PBXGroup;
			children = (
				FFB9E2C32876D5DE00C7C51D /* AppDelegate.swift */,
				FFB9E2C52876D5DE00C7C51D /* SceneDelegate.swift */,
				FFB9E2C72876D5DE00C7C51D /* ViewController.swift */,
				FFB9E2C92876D5DE00C7C51D /* Main.storyboard */,
				FFB9E2CC2876D5DF00C7C51D /* Assets.xcassets */,
				FFB9E2CE2876D5DF00C7C51D /* LaunchScreen.storyboard */,
				FFB9E2D12876D5DF00C7C51D /* Info.plist */,
			);
			path = TestModularArc2;
			sourceTree = "<group>";
		};
		FFB9E2D92876D5DF00C7C51D /* TestModularArc2Tests */ = {
			isa = PBXGroup;
			children = (
				FFB9E2DA2876D5DF00C7C51D /* TestModularArc2Tests.swift */,
			);
			path = TestModularArc2Tests;
			sourceTree = "<group>";
		};
		FFB9E2E32876D5DF00C7C51D /* TestModularArc2UITests */ = {
			isa = PBXGroup;
			children = (
				FFB9E2E42876D5DF00C7C51D /* TestModularArc2UITests.swift */,
				FFB9E2E62876D5DF00C7C51D /* TestModularArc2UITestsLaunchTests.swift */,
			);
			path = TestModularArc2UITests;
			sourceTree = "<group>";
		};
		FFB9E3182876D67C00C7C51D /* Products */ = {
			isa = PBXGroup;
			children = (
				FFB9E31D2876D67D00C7C51D /* MyFramework2.framework */,
				FFB9E31F2876D67D00C7C51D /* MyFramework2Tests.xctest */,
			);
			name = Products;
			sourceTree = "<group>";
		};
/* End PBXGroup section */

/* Begin PBXNativeTarget section */
		FFB9E2BF2876D5DE00C7C51D /* TestModularArc2 */ = {
			isa = PBXNativeTarget;
			buildConfigurationList = FFB9E2EA2876D5DF00C7C51D /* Build configuration list for PBXNativeTarget "TestModularArc2" */;
			buildPhases = (
				FFB9E2BC2876D5DE00C7C51D /* Sources */,
				FFB9E2BD2876D5DE00C7C51D /* Frameworks */,
				FFB9E2BE2876D5DE00C7C51D /* Resources */,
			);
			buildRules = (
			);
			dependencies = (
			);
			name = TestModularArc2;
			productName = TestModularArc2;
			productReference = FFB9E2C02876D5DE00C7C51D /* TestModularArc2.app */;
			productType = "com.apple.product-type.application";
		};
		FFB9E2D52876D5DF00C7C51D /* TestModularArc2Tests */ = {
			isa = PBXNativeTarget;
			buildConfigurationList = FFB9E2ED2876D5DF00C7C51D /* Build configuration list for PBXNativeTarget "TestModularArc2Tests" */;
			buildPhases = (
				FFB9E2D22876D5DF00C7C51D /* Sources */,
				FFB9E2D32876D5DF00C7C51D /* Frameworks */,
				FFB9E2D42876D5DF00C7C51D /* Resources */,
			);
			buildRules = (
			);
			dependencies = (
				FFB9E2D82876D5DF00C7C51D /* PBXTargetDependency */,
			);
			name = TestModularArc2Tests;
			productName = TestModularArc2Tests;
			productReference = FFB9E2D62876D5DF00C7C51D /* TestModularArc2Tests.xctest */;
			productType = "com.apple.product-type.bundle.unit-test";
		};
		FFB9E2DF2876D5DF00C7C51D /* TestModularArc2UITests */ = {
			isa = PBXNativeTarget;
			buildConfigurationList = FFB9E2F02876D5DF00C7C51D /* Build configuration list for PBXNativeTarget "TestModularArc2UITests" */;
			buildPhases = (
				FFB9E2DC2876D5DF00C7C51D /* Sources */,
				FFB9E2DD2876D5DF00C7C51D /* Frameworks */,
				FFB9E2DE2876D5DF00C7C51D /* Resources */,
			);
			buildRules = (
			);
			dependencies = (
				FFB9E2E22876D5DF00C7C51D /* PBXTargetDependency */,
			);
			name = TestModularArc2UITests;
			productName = TestModularArc2UITests;
			productReference = FFB9E2E02876D5DF00C7C51D /* TestModularArc2UITests.xctest */;
			productType = "com.apple.product-type.bundle.ui-testing";
		};
/* End PBXNativeTarget section */

/* Begin PBXProject section */
		FFB9E2B82876D5DE00C7C51D /* Project object */ = {
			isa = PBXProject;
			attributes = {
				BuildIndependentTargetsInParallel = 1;
				LastSwiftUpdateCheck = 1340;
				LastUpgradeCheck = 1340;
				TargetAttributes = {
					FFB9E2BF2876D5DE00C7C51D = {
						CreatedOnToolsVersion = 13.4.1;
					};
					FFB9E2D52876D5DF00C7C51D = {
						CreatedOnToolsVersion = 13.4.1;
						TestTargetID = FFB9E2BF2876D5DE00C7C51D;
					};
					FFB9E2DF2876D5DF00C7C51D = {
						CreatedOnToolsVersion = 13.4.1;
						TestTargetID = FFB9E2BF2876D5DE00C7C51D;
					};
				};
			};
			buildConfigurationList = FFB9E2BB2876D5DE00C7C51D /* Build configuration list for PBXProject "TestModularArc2" */;
			compatibilityVersion = "Xcode 13.0";
			developmentRegion = en;
			hasScannedForEncodings = 0;
			knownRegions = (
				en,
				Base,
			);
			mainGroup = FFB9E2B72876D5DE00C7C51D;
			productRefGroup = FFB9E2C12876D5DE00C7C51D /* Products */;
			projectDirPath = "";
			projectReferences = (
				{
					ProductGroup = FFB9E3182876D67C00C7C51D /* Products */;
					ProjectRef = FFB9E3172876D67C00C7C51D /* MyFramework2.xcodeproj */;
				},
			);
			projectRoot = "";
			targets = (
				FFB9E2BF2876D5DE00C7C51D /* TestModularArc2 */,
				FFB9E2D52876D5DF00C7C51D /* TestModularArc2Tests */,
				FFB9E2DF2876D5DF00C7C51D /* TestModularArc2UITests */,
			);
		};
/* End PBXProject section */

/* Begin PBXReferenceProxy section */
		FFB9E31D2876D67D00C7C51D /* MyFramework2.framework */ = {
			isa = PBXReferenceProxy;
			fileType = wrapper.framework;
			path = MyFramework2.framework;
			remoteRef = FFB9E31C2876D67D00C7C51D /* PBXContainerItemProxy */;
			sourceTree = BUILT_PRODUCTS_DIR;
		};
		FFB9E31F2876D67D00C7C51D /* MyFramework2Tests.xctest */ = {
			isa = PBXReferenceProxy;
			fileType = wrapper.cfbundle;
			path = MyFramework2Tests.xctest;
			remoteRef = FFB9E31E2876D67D00C7C51D /* PBXContainerItemProxy */;
			sourceTree = BUILT_PRODUCTS_DIR;
		};
/* End PBXReferenceProxy section */

/* Begin PBXResourcesBuildPhase section */
		FFB9E2BE2876D5DE00C7C51D /* Resources */ = {
			isa = PBXResourcesBuildPhase;
			buildActionMask = 2147483647;
			files = (
				FFB9E2D02876D5DF00C7C51D /* LaunchScreen.storyboard in Resources */,
				FFB9E2CD2876D5DF00C7C51D /* Assets.xcassets in Resources */,
				FFB9E2CB2876D5DE00C7C51D /* Main.storyboard in Resources */,
			);
			runOnlyForDeploymentPostprocessing = 0;
		};
		FFB9E2D42876D5DF00C7C51D /* Resources */ = {
			isa = PBXResourcesBuildPhase;
			buildActionMask = 2147483647;
			files = (
			);
			runOnlyForDeploymentPostprocessing = 0;
		};
		FFB9E2DE2876D5DF00C7C51D /* Resources */ = {
			isa = PBXResourcesBuildPhase;
			buildActionMask = 2147483647;
			files = (
			);
			runOnlyForDeploymentPostprocessing = 0;
		};
/* End PBXResourcesBuildPhase section */

/* Begin PBXSourcesBuildPhase section */
		FFB9E2BC2876D5DE00C7C51D /* Sources */ = {
			isa = PBXSourcesBuildPhase;
			buildActionMask = 2147483647;
			files = (
				FFB9E2C82876D5DE00C7C51D /* ViewController.swift in Sources */,
				FFB9E2C42876D5DE00C7C51D /* AppDelegate.swift in Sources */,
				FFB9E2C62876D5DE00C7C51D /* SceneDelegate.swift in Sources */,
			);
			runOnlyForDeploymentPostprocessing = 0;
		};
		FFB9E2D22876D5DF00C7C51D /* Sources */ = {
			isa = PBXSourcesBuildPhase;
			buildActionMask = 2147483647;
			files = (
				FFB9E2DB2876D5DF00C7C51D /* TestModularArc2Tests.swift in Sources */,
			);
			runOnlyForDeploymentPostprocessing = 0;
		};
		FFB9E2DC2876D5DF00C7C51D /* Sources */ = {
			isa = PBXSourcesBuildPhase;
			buildActionMask = 2147483647;
			files = (
				FFB9E2E52876D5DF00C7C51D /* TestModularArc2UITests.swift in Sources */,
				FFB9E2E72876D5DF00C7C51D /* TestModularArc2UITestsLaunchTests.swift in Sources */,
			);
			runOnlyForDeploymentPostprocessing = 0;
		};
/* End PBXSourcesBuildPhase section */

/* Begin PBXTargetDependency section */
		FFB9E2D82876D5DF00C7C51D /* PBXTargetDependency */ = {
			isa = PBXTargetDependency;
			target = FFB9E2BF2876D5DE00C7C51D /* TestModularArc2 */;
			targetProxy = FFB9E2D72876D5DF00C7C51D /* PBXContainerItemProxy */;
		};
		FFB9E2E22876D5DF00C7C51D /* PBXTargetDependency */ = {
			isa = PBXTargetDependency;
			target = FFB9E2BF2876D5DE00C7C51D /* TestModularArc2 */;
			targetProxy = FFB9E2E12876D5DF00C7C51D /* PBXContainerItemProxy */;
		};
/* End PBXTargetDependency section */

/* Begin PBXVariantGroup section */
		FFB9E2C92876D5DE00C7C51D /* Main.storyboard */ = {
			isa = PBXVariantGroup;
			children = (
				FFB9E2CA2876D5DE00C7C51D /* Base */,
			);
			name = Main.storyboard;
			sourceTree = "<group>";
		};
		FFB9E2CE2876D5DF00C7C51D /* LaunchScreen.storyboard */ = {
			isa = PBXVariantGroup;
			children = (
				FFB9E2CF2876D5DF00C7C51D /* Base */,
			);
			name = LaunchScreen.storyboard;
			sourceTree = "<group>";
		};
/* End PBXVariantGroup section */

/* Begin XCBuildConfiguration section */
		FFB9E2E82876D5DF00C7C51D /* Debug */ = {
			isa = XCBuildConfiguration;
			buildSettings = {
				ALWAYS_SEARCH_USER_PATHS = NO;
				CLANG_ANALYZER_NONNULL = YES;
				CLANG_ANALYZER_NUMBER_OBJECT_CONVERSION = YES_AGGRESSIVE;
				CLANG_CXX_LANGUAGE_STANDARD = "gnu++17";
				CLANG_ENABLE_MODULES = YES;
				CLANG_ENABLE_OBJC_ARC = YES;
				CLANG_ENABLE_OBJC_WEAK = YES;
				CLANG_WARN_BLOCK_CAPTURE_AUTORELEASING = YES;
				CLANG_WARN_BOOL_CONVERSION = YES;
				CLANG_WARN_COMMA = YES;
				CLANG_WARN_CONSTANT_CONVERSION = YES;
				CLANG_WARN_DEPRECATED_OBJC_IMPLEMENTATIONS = YES;
				CLANG_WARN_DIRECT_OBJC_ISA_USAGE = YES_ERROR;
				CLANG_WARN_DOCUMENTATION_COMMENTS = YES;
				CLANG_WARN_EMPTY_BODY = YES;
				CLANG_WARN_ENUM_CONVERSION = YES;
				CLANG_WARN_INFINITE_RECURSION = YES;
				CLANG_WARN_INT_CONVERSION = YES;
				CLANG_WARN_NON_LITERAL_NULL_CONVERSION = YES;
				CLANG_WARN_OBJC_IMPLICIT_RETAIN_SELF = YES;
				CLANG_WARN_OBJC_LITERAL_CONVERSION = YES;
				CLANG_WARN_OBJC_ROOT_CLASS = YES_ERROR;
				CLANG_WARN_QUOTED_INCLUDE_IN_FRAMEWORK_HEADER = YES;
				CLANG_WARN_RANGE_LOOP_ANALYSIS = YES;
				CLANG_WARN_STRICT_PROTOTYPES = YES;
				CLANG_WARN_SUSPICIOUS_MOVE = YES;
				CLANG_WARN_UNGUARDED_AVAILABILITY = YES_AGGRESSIVE;
				CLANG_WARN_UNREACHABLE_CODE = YES;
				CLANG_WARN__DUPLICATE_METHOD_MATCH = YES;
				COPY_PHASE_STRIP = NO;
				DEBUG_INFORMATION_FORMAT = dwarf;
				ENABLE_STRICT_OBJC_MSGSEND = YES;
				ENABLE_TESTABILITY = YES;
				GCC_C_LANGUAGE_STANDARD = gnu11;
				GCC_DYNAMIC_NO_PIC = NO;
				GCC_NO_COMMON_BLOCKS = YES;
				GCC_OPTIMIZATION_LEVEL = 0;
				GCC_PREPROCESSOR_DEFINITIONS = (
					"DEBUG=1",
					"$(inherited)",
				);
				GCC_WARN_64_TO_32_BIT_CONVERSION = YES;
				GCC_WARN_ABOUT_RETURN_TYPE = YES_ERROR;
				GCC_WARN_UNDECLARED_SELECTOR = YES;
				GCC_WARN_UNINITIALIZED_AUTOS = YES_AGGRESSIVE;
				GCC_WARN_UNUSED_FUNCTION = YES;
				GCC_WARN_UNUSED_VARIABLE = YES;
				IPHONEOS_DEPLOYMENT_TARGET = 15.5;
				MTL_ENABLE_DEBUG_INFO = INCLUDE_SOURCE;
				MTL_FAST_MATH = YES;
				ONLY_ACTIVE_ARCH = YES;
				SDKROOT = iphoneos;
				SWIFT_ACTIVE_COMPILATION_CONDITIONS = DEBUG;
				SWIFT_OPTIMIZATION_LEVEL = "-Onone";
			};
			name = Debug;
		};
		FFB9E2E92876D5DF00C7C51D /* Release */ = {
			isa = XCBuildConfiguration;
			buildSettings = {
				ALWAYS_SEARCH_USER_PATHS = NO;
				CLANG_ANALYZER_NONNULL = YES;
				CLANG_ANALYZER_NUMBER_OBJECT_CONVERSION = YES_AGGRESSIVE;
				CLANG_CXX_LANGUAGE_STANDARD = "gnu++17";
				CLANG_ENABLE_MODULES = YES;
				CLANG_ENABLE_OBJC_ARC = YES;
				CLANG_ENABLE_OBJC_WEAK = YES;
				CLANG_WARN_BLOCK_CAPTURE_AUTORELEASING = YES;
				CLANG_WARN_BOOL_CONVERSION = YES;
				CLANG_WARN_COMMA = YES;
				CLANG_WARN_CONSTANT_CONVERSION = YES;
				CLANG_WARN_DEPRECATED_OBJC_IMPLEMENTATIONS = YES;
				CLANG_WARN_DIRECT_OBJC_ISA_USAGE = YES_ERROR;
				CLANG_WARN_DOCUMENTATION_COMMENTS = YES;
				CLANG_WARN_EMPTY_BODY = YES;
				CLANG_WARN_ENUM_CONVERSION = YES;
				CLANG_WARN_INFINITE_RECURSION = YES;
				CLANG_WARN_INT_CONVERSION = YES;
				CLANG_WARN_NON_LITERAL_NULL_CONVERSION = YES;
				CLANG_WARN_OBJC_IMPLICIT_RETAIN_SELF = YES;
				CLANG_WARN_OBJC_LITERAL_CONVERSION = YES;
				CLANG_WARN_OBJC_ROOT_CLASS = YES_ERROR;
				CLANG_WARN_QUOTED_INCLUDE_IN_FRAMEWORK_HEADER = YES;
				CLANG_WARN_RANGE_LOOP_ANALYSIS = YES;
				CLANG_WARN_STRICT_PROTOTYPES = YES;
				CLANG_WARN_SUSPICIOUS_MOVE = YES;
				CLANG_WARN_UNGUARDED_AVAILABILITY = YES_AGGRESSIVE;
				CLANG_WARN_UNREACHABLE_CODE = YES;
				CLANG_WARN__DUPLICATE_METHOD_MATCH = YES;
				COPY_PHASE_STRIP = NO;
				DEBUG_INFORMATION_FORMAT = "dwarf-with-dsym";
				ENABLE_NS_ASSERTIONS = NO;
				ENABLE_STRICT_OBJC_MSGSEND = YES;
				GCC_C_LANGUAGE_STANDARD = gnu11;
				GCC_NO_COMMON_BLOCKS = YES;
				GCC_WARN_64_TO_32_BIT_CONVERSION = YES;
				GCC_WARN_ABOUT_RETURN_TYPE = YES_ERROR;
				GCC_WARN_UNDECLARED_SELECTOR = YES;
				GCC_WARN_UNINITIALIZED_AUTOS = YES_AGGRESSIVE;
				GCC_WARN_UNUSED_FUNCTION = YES;
				GCC_WARN_UNUSED_VARIABLE = YES;
				IPHONEOS_DEPLOYMENT_TARGET = 15.5;
				MTL_ENABLE_DEBUG_INFO = NO;
				MTL_FAST_MATH = YES;
				SDKROOT = iphoneos;
				SWIFT_COMPILATION_MODE = wholemodule;
				SWIFT_OPTIMIZATION_LEVEL = "-O";
				VALIDATE_PRODUCT = YES;
			};
			name = Release;
		};
		FFB9E2EB2876D5DF00C7C51D /* Debug */ = {
			isa = XCBuildConfiguration;
			buildSettings = {
				ASSETCATALOG_COMPILER_APPICON_NAME = AppIcon;
				ASSETCATALOG_COMPILER_GLOBAL_ACCENT_COLOR_NAME = AccentColor;
				CODE_SIGN_STYLE = Automatic;
				CURRENT_PROJECT_VERSION = 1;
				DEVELOPMENT_TEAM = 2G3UR73PZ9;
				GENERATE_INFOPLIST_FILE = YES;
				INFOPLIST_FILE = TestModularArc2/Info.plist;
				INFOPLIST_KEY_UIApplicationSupportsIndirectInputEvents = YES;
				INFOPLIST_KEY_UILaunchStoryboardName = LaunchScreen;
				INFOPLIST_KEY_UIMainStoryboardFile = Main;
				INFOPLIST_KEY_UISupportedInterfaceOrientations_iPad = "UIInterfaceOrientationPortrait UIInterfaceOrientationPortraitUpsideDown UIInterfaceOrientationLandscapeLeft UIInterfaceOrientationLandscapeRight";
				INFOPLIST_KEY_UISupportedInterfaceOrientations_iPhone = "UIInterfaceOrientationPortrait UIInterfaceOrientationLandscapeLeft UIInterfaceOrientationLandscapeRight";
				LD_RUNPATH_SEARCH_PATHS = (
					"$(inherited)",
					"@executable_path/Frameworks",
				);
				MARKETING_VERSION = 1.0;
				PRODUCT_BUNDLE_IDENTIFIER = com.TimotiusLeoLia.TestModularArc2;
				PRODUCT_NAME = "$(TARGET_NAME)";
				SWIFT_EMIT_LOC_STRINGS = YES;
				SWIFT_VERSION = 5.0;
				TARGETED_DEVICE_FAMILY = "1,2";
			};
			name = Debug;
		};
		FFB9E2EC2876D5DF00C7C51D /* Release */ = {
			isa = XCBuildConfiguration;
			buildSettings = {
				ASSETCATALOG_COMPILER_APPICON_NAME = AppIcon;
				ASSETCATALOG_COMPILER_GLOBAL_ACCENT_COLOR_NAME = AccentColor;
				CODE_SIGN_STYLE = Automatic;
				CURRENT_PROJECT_VERSION = 1;
				DEVELOPMENT_TEAM = 2G3UR73PZ9;
				GENERATE_INFOPLIST_FILE = YES;
				INFOPLIST_FILE = TestModularArc2/Info.plist;
				INFOPLIST_KEY_UIApplicationSupportsIndirectInputEvents = YES;
				INFOPLIST_KEY_UILaunchStoryboardName = LaunchScreen;
				INFOPLIST_KEY_UIMainStoryboardFile = Main;
				INFOPLIST_KEY_UISupportedInterfaceOrientations_iPad = "UIInterfaceOrientationPortrait UIInterfaceOrientationPortraitUpsideDown UIInterfaceOrientationLandscapeLeft UIInterfaceOrientationLandscapeRight";
				INFOPLIST_KEY_UISupportedInterfaceOrientations_iPhone = "UIInterfaceOrientationPortrait UIInterfaceOrientationLandscapeLeft UIInterfaceOrientationLandscapeRight";
				LD_RUNPATH_SEARCH_PATHS = (
					"$(inherited)",
					"@executable_path/Frameworks",
				);
				MARKETING_VERSION = 1.0;
				PRODUCT_BUNDLE_IDENTIFIER = com.TimotiusLeoLia.TestModularArc2;
				PRODUCT_NAME = "$(TARGET_NAME)";
				SWIFT_EMIT_LOC_STRINGS = YES;
				SWIFT_VERSION = 5.0;
				TARGETED_DEVICE_FAMILY = "1,2";
			};
			name = Release;
		};
		FFB9E2EE2876D5DF00C7C51D /* Debug */ = {
			isa = XCBuildConfiguration;
			buildSettings = {
				ALWAYS_EMBED_SWIFT_STANDARD_LIBRARIES = YES;
				BUNDLE_LOADER = "$(TEST_HOST)";
				CODE_SIGN_STYLE = Automatic;
				CURRENT_PROJECT_VERSION = 1;
				DEVELOPMENT_TEAM = 2G3UR73PZ9;
				GENERATE_INFOPLIST_FILE = YES;
				IPHONEOS_DEPLOYMENT_TARGET = 15.5;
				MARKETING_VERSION = 1.0;
				PRODUCT_BUNDLE_IDENTIFIER = com.TimotiusLeoLia.TestModularArc2Tests;
				PRODUCT_NAME = "$(TARGET_NAME)";
				SWIFT_EMIT_LOC_STRINGS = NO;
				SWIFT_VERSION = 5.0;
				TARGETED_DEVICE_FAMILY = "1,2";
				TEST_HOST = "$(BUILT_PRODUCTS_DIR)/TestModularArc2.app/TestModularArc2";
			};
			name = Debug;
		};
		FFB9E2EF2876D5DF00C7C51D /* Release */ = {
			isa = XCBuildConfiguration;
			buildSettings = {
				ALWAYS_EMBED_SWIFT_STANDARD_LIBRARIES = YES;
				BUNDLE_LOADER = "$(TEST_HOST)";
				CODE_SIGN_STYLE = Automatic;
				CURRENT_PROJECT_VERSION = 1;
				DEVELOPMENT_TEAM = 2G3UR73PZ9;
				GENERATE_INFOPLIST_FILE = YES;
				IPHONEOS_DEPLOYMENT_TARGET = 15.5;
				MARKETING_VERSION = 1.0;
				PRODUCT_BUNDLE_IDENTIFIER = com.TimotiusLeoLia.TestModularArc2Tests;
				PRODUCT_NAME = "$(TARGET_NAME)";
				SWIFT_EMIT_LOC_STRINGS = NO;
				SWIFT_VERSION = 5.0;
				TARGETED_DEVICE_FAMILY = "1,2";
				TEST_HOST = "$(BUILT_PRODUCTS_DIR)/TestModularArc2.app/TestModularArc2";
			};
			name = Release;
		};
		FFB9E2F12876D5DF00C7C51D /* Debug */ = {
			isa = XCBuildConfiguration;
			buildSettings = {
				ALWAYS_EMBED_SWIFT_STANDARD_LIBRARIES = YES;
				CODE_SIGN_STYLE = Automatic;
				CURRENT_PROJECT_VERSION = 1;
				DEVELOPMENT_TEAM = 2G3UR73PZ9;
				GENERATE_INFOPLIST_FILE = YES;
				MARKETING_VERSION = 1.0;
				PRODUCT_BUNDLE_IDENTIFIER = com.TimotiusLeoLia.TestModularArc2UITests;
				PRODUCT_NAME = "$(TARGET_NAME)";
				SWIFT_EMIT_LOC_STRINGS = NO;
				SWIFT_VERSION = 5.0;
				TARGETED_DEVICE_FAMILY = "1,2";
				TEST_TARGET_NAME = TestModularArc2;
			};
			name = Debug;
		};
		FFB9E2F22876D5DF00C7C51D /* Release */ = {
			isa = XCBuildConfiguration;
			buildSettings = {
				ALWAYS_EMBED_SWIFT_STANDARD_LIBRARIES = YES;
				CODE_SIGN_STYLE = Automatic;
				CURRENT_PROJECT_VERSION = 1;
				DEVELOPMENT_TEAM = 2G3UR73PZ9;
				GENERATE_INFOPLIST_FILE = YES;
				MARKETING_VERSION = 1.0;
				PRODUCT_BUNDLE_IDENTIFIER = com.TimotiusLeoLia.TestModularArc2UITests;
				PRODUCT_NAME = "$(TARGET_NAME)";
				SWIFT_EMIT_LOC_STRINGS = NO;
				SWIFT_VERSION = 5.0;
				TARGETED_DEVICE_FAMILY = "1,2";
				TEST_TARGET_NAME = TestModularArc2;
			};
			name = Release;
		};
/* End XCBuildConfiguration section */

/* Begin XCConfigurationList section */
		FFB9E2BB2876D5DE00C7C51D /* Build configuration list for PBXProject "TestModularArc2" */ = {
			isa = XCConfigurationList;
			buildConfigurations = (
				FFB9E2E82876D5DF00C7C51D /* Debug */,
				FFB9E2E92876D5DF00C7C51D /* Release */,
			);
			defaultConfigurationIsVisible = 0;
			defaultConfigurationName = Release;
		};
		FFB9E2EA2876D5DF00C7C51D /* Build configuration list for PBXNativeTarget "TestModularArc2" */ = {
			isa = XCConfigurationList;
			buildConfigurations = (
				FFB9E2EB2876D5DF00C7C51D /* Debug */,
				FFB9E2EC2876D5DF00C7C51D /* Release */,
			);
			defaultConfigurationIsVisible = 0;
			defaultConfigurationName = Release;
		};
		FFB9E2ED2876D5DF00C7C51D /* Build configuration list for PBXNativeTarget "TestModularArc2Tests" */ = {
			isa = XCConfigurationList;
			buildConfigurations = (
				FFB9E2EE2876D5DF00C7C51D /* Debug */,
				FFB9E2EF2876D5DF00C7C51D /* Release */,
			);
			defaultConfigurationIsVisible = 0;
			defaultConfigurationName = Release;
		};
		FFB9E2F02876D5DF00C7C51D /* Build configuration list for PBXNativeTarget "TestModularArc2UITests" */ = {
			isa = XCConfigurationList;
			buildConfigurations = (
				FFB9E2F12876D5DF00C7C51D /* Debug */,
				FFB9E2F22876D5DF00C7C51D /* Release */,
			);
			defaultConfigurationIsVisible = 0;
			defaultConfigurationName = Release;
		};
/* End XCConfigurationList section */
	};
	rootObject = FFB9E2B82876D5DE00C7C51D /* Project object */;
}
